{
  "version": 4,
  "terraform_version": "1.0.8",
  "serial": 237,
  "lineage": "51920036-5890-8af2-768d-16e5f57a69ed",
  "outputs": {
    "uploadFileUrl": {
      "value": "https://us-central1-stunning-surge-306101.cloudfunctions.net/upload_file",
      "type": "string"
    }
  },
  "resources": [
    {
      "module": "module.create_functions_bucket",
      "mode": "managed",
      "type": "google_storage_bucket",
      "name": "bucket",
      "provider": "provider[\"registry.terraform.io/hashicorp/google\"]",
      "instances": [
        {
          "schema_version": 0,
          "attributes": {
            "bucket_policy_only": false,
            "cors": [],
            "encryption": [],
            "force_destroy": false,
            "id": "gracie_functions",
            "labels": {},
            "lifecycle_rule": [],
            "location": "US",
            "logging": [],
            "name": "gracie_functions",
            "project": "stunning-surge-306101",
            "requester_pays": false,
            "retention_policy": [],
            "self_link": "https://www.googleapis.com/storage/v1/b/gracie_functions",
            "storage_class": "STANDARD",
            "url": "gs://gracie_functions",
            "versioning": [],
            "website": []
          },
          "sensitive_attributes": [],
          "private": "bnVsbA=="
        }
      ]
    },
    {
      "module": "module.create_images_bucket",
      "mode": "managed",
      "type": "google_storage_bucket",
      "name": "bucket",
      "provider": "provider[\"registry.terraform.io/hashicorp/google\"]",
      "instances": [
        {
          "schema_version": 0,
          "attributes": {
            "bucket_policy_only": false,
            "cors": [
              {
                "max_age_seconds": 3600,
                "method": [
                  "GET",
                  "POST",
                  "PUT",
                  "DELETE",
                  "OPTIONS"
                ],
                "origin": [
                  "http://localhost:4200"
                ],
                "response_header": [
                  "ContentType",
                  "Authorization",
                  "ContentLength",
                  "UserAgent",
                  "xgoogresumable"
                ]
              }
            ],
            "encryption": [],
            "force_destroy": false,
            "id": "gracie_images",
            "labels": {},
            "lifecycle_rule": [],
            "location": "US",
            "logging": [],
            "name": "gracie_images",
            "project": "stunning-surge-306101",
            "requester_pays": false,
            "retention_policy": [],
            "self_link": "https://www.googleapis.com/storage/v1/b/gracie_images",
            "storage_class": "STANDARD",
            "url": "gs://gracie_images",
            "versioning": [],
            "website": []
          },
          "sensitive_attributes": [],
          "private": "bnVsbA=="
        }
      ]
    },
    {
      "module": "module.deploy_functions",
      "mode": "data",
      "type": "archive_file",
      "name": "source",
      "provider": "provider[\"registry.terraform.io/hashicorp/archive\"]",
      "instances": [
        {
          "schema_version": 0,
          "attributes": {
            "excludes": null,
            "id": "ec96f2322b8417b90dcfe36b2c9bdf161c5f45a1",
            "output_base64sha256": "rYu9rZxnoS6y0512m6Ncbja9VZKWKq7M/f/j660p140=",
            "output_file_mode": null,
            "output_md5": "0607d7e7ac2a642127fdec80db3026d7",
            "output_path": "/tmp/function-211003210822.zip",
            "output_sha": "ec96f2322b8417b90dcfe36b2c9bdf161c5f45a1",
            "output_size": 2071,
            "source": [],
            "source_content": null,
            "source_content_filename": null,
            "source_dir": "./../dist",
            "source_file": null,
            "type": "zip"
          },
          "sensitive_attributes": []
        }
      ]
    },
    {
      "module": "module.deploy_functions",
      "mode": "data",
      "type": "external",
      "name": "copy_package_json",
      "provider": "provider[\"registry.terraform.io/hashicorp/external\"]",
      "instances": [
        {
          "schema_version": 0,
          "attributes": {
            "id": "-",
            "program": [
              "bash",
              "-c",
              "# Relative to working_dir\n(cp package.json dist) \u003e\u00262 \u0026\u0026 echo \"{\\\"dest\\\": \\\"dist\\\"}\"\n"
            ],
            "query": null,
            "result": {
              "dest": "dist"
            },
            "working_dir": "./../"
          },
          "sensitive_attributes": []
        }
      ]
    },
    {
      "module": "module.deploy_functions",
      "mode": "data",
      "type": "external",
      "name": "ts_build",
      "provider": "provider[\"registry.terraform.io/hashicorp/external\"]",
      "instances": [
        {
          "schema_version": 0,
          "attributes": {
            "id": "-",
            "program": [
              "bash",
              "-c",
              "# Relative to working_dir\n(pwd \u0026\u0026 npm ci \u0026\u0026 npm run build) \u003e\u00262 \u0026\u0026 echo \"{\\\"dest\\\": \\\"dist\\\"}\"\n"
            ],
            "query": null,
            "result": {
              "dest": "dist"
            },
            "working_dir": "./../"
          },
          "sensitive_attributes": []
        }
      ]
    },
    {
      "module": "module.deploy_functions",
      "mode": "managed",
      "type": "google_project_service",
      "name": "cb",
      "provider": "provider[\"registry.terraform.io/hashicorp/google\"]",
      "instances": [
        {
          "schema_version": 0,
          "attributes": {
            "disable_dependent_services": true,
            "disable_on_destroy": false,
            "id": "stunning-surge-306101/cloudbuild.googleapis.com",
            "project": "stunning-surge-306101",
            "service": "cloudbuild.googleapis.com",
            "timeouts": null
          },
          "sensitive_attributes": [],
          "private": "eyJlMmJmYjczMC1lY2FhLTExZTYtOGY4OC0zNDM2M2JjN2M0YzAiOnsiY3JlYXRlIjoxMjAwMDAwMDAwMDAwLCJkZWxldGUiOjEyMDAwMDAwMDAwMDAsInJlYWQiOjYwMDAwMDAwMDAwMCwidXBkYXRlIjoxMjAwMDAwMDAwMDAwfX0="
        }
      ]
    },
    {
      "module": "module.deploy_functions",
      "mode": "managed",
      "type": "google_project_service",
      "name": "cf",
      "provider": "provider[\"registry.terraform.io/hashicorp/google\"]",
      "instances": [
        {
          "schema_version": 0,
          "attributes": {
            "disable_dependent_services": true,
            "disable_on_destroy": false,
            "id": "stunning-surge-306101/cloudfunctions.googleapis.com",
            "project": "stunning-surge-306101",
            "service": "cloudfunctions.googleapis.com",
            "timeouts": null
          },
          "sensitive_attributes": [],
          "private": "eyJlMmJmYjczMC1lY2FhLTExZTYtOGY4OC0zNDM2M2JjN2M0YzAiOnsiY3JlYXRlIjoxMjAwMDAwMDAwMDAwLCJkZWxldGUiOjEyMDAwMDAwMDAwMDAsInJlYWQiOjYwMDAwMDAwMDAwMCwidXBkYXRlIjoxMjAwMDAwMDAwMDAwfX0="
        }
      ]
    },
    {
      "module": "module.deploy_functions",
      "mode": "managed",
      "type": "google_storage_bucket_object",
      "name": "zip",
      "provider": "provider[\"registry.terraform.io/hashicorp/google\"]",
      "instances": [
        {
          "schema_version": 0,
          "attributes": {
            "bucket": "gracie_functions",
            "cache_control": "",
            "content": null,
            "content_disposition": "",
            "content_encoding": "",
            "content_language": "",
            "content_type": "application/zip",
            "crc32c": "dEzMmw==",
            "detect_md5hash": "BgfX56wqZCEn/eyA2zAm1w==",
            "id": "gracie_functions-source.zip#0607d7e7ac2a642127fdec80db3026d7",
            "md5hash": "BgfX56wqZCEn/eyA2zAm1w==",
            "name": "source.zip#0607d7e7ac2a642127fdec80db3026d7",
            "output_name": "source.zip#0607d7e7ac2a642127fdec80db3026d7",
            "self_link": "https://www.googleapis.com/storage/v1/b/gracie_functions/o/source.zip%230607d7e7ac2a642127fdec80db3026d7",
            "source": "/tmp/function-211003210822.zip",
            "storage_class": "STANDARD"
          },
          "sensitive_attributes": [],
          "private": "bnVsbA==",
          "dependencies": [
            "module.create_functions_bucket.google_storage_bucket.bucket",
            "module.deploy_functions.data.archive_file.source",
            "module.deploy_functions.data.external.ts_build"
          ]
        }
      ]
    },
    {
      "module": "module.new_image_handler",
      "mode": "managed",
      "type": "google_cloudfunctions_function_iam_member",
      "name": "invoker",
      "provider": "provider[\"registry.terraform.io/hashicorp/google\"]",
      "instances": []
    },
    {
      "module": "module.schedule_file_delete",
      "mode": "managed",
      "type": "google_cloud_scheduler_job",
      "name": "job",
      "provider": "provider[\"registry.terraform.io/hashicorp/google\"]",
      "instances": [
        {
          "schema_version": 0,
          "attributes": {
            "app_engine_http_target": [],
            "description": "delete-images job",
            "http_target": [],
            "id": "projects/stunning-surge-306101/locations/us-central1/jobs/delete-images-job",
            "name": "delete-images-job",
            "project": "stunning-surge-306101",
            "pubsub_target": [
              {
                "attributes": {},
                "data": "dGVzdA==",
                "topic_name": "projects/stunning-surge-306101/topics/delete-images-topic"
              }
            ],
            "region": "us-central1",
            "retry_config": [],
            "schedule": "* */2 * * *",
            "time_zone": "Etc/UTC",
            "timeouts": null
          },
          "sensitive_attributes": [],
          "private": "eyJlMmJmYjczMC1lY2FhLTExZTYtOGY4OC0zNDM2M2JjN2M0YzAiOnsiY3JlYXRlIjoyNDAwMDAwMDAwMDAsImRlbGV0ZSI6MjQwMDAwMDAwMDAwfX0=",
          "dependencies": [
            "module.schedule_file_delete.google_pubsub_topic.topic"
          ]
        }
      ]
    },
    {
      "module": "module.schedule_file_delete",
      "mode": "managed",
      "type": "google_cloudfunctions_function",
      "name": "function",
      "provider": "provider[\"registry.terraform.io/hashicorp/google\"]",
      "instances": [
        {
          "schema_version": 0,
          "attributes": {
            "available_memory_mb": 128,
            "description": "",
            "entry_point": "deleteOldImages",
            "environment_variables": {},
            "event_trigger": [
              {
                "event_type": "google.pubsub.topic.publish",
                "failure_policy": [
                  {
                    "retry": false
                  }
                ],
                "resource": "projects/stunning-surge-306101/topics/delete-images-topic"
              }
            ],
            "https_trigger_url": null,
            "id": "projects/stunning-surge-306101/locations/us-central1/functions/delete_old_images",
            "labels": {},
            "max_instances": 0,
            "name": "delete_old_images",
            "project": "stunning-surge-306101",
            "region": "us-central1",
            "runtime": "nodejs14",
            "service_account_email": "stunning-surge-306101@appspot.gserviceaccount.com",
            "source_archive_bucket": "gracie_functions",
            "source_archive_object": "source.zip",
            "source_repository": [],
            "timeout": 60,
            "timeouts": null,
            "trigger_http": null,
            "vpc_connector": ""
          },
          "sensitive_attributes": [],
          "private": "eyJlMmJmYjczMC1lY2FhLTExZTYtOGY4OC0zNDM2M2JjN2M0YzAiOnsiY3JlYXRlIjozMDAwMDAwMDAwMDAsImRlbGV0ZSI6MzAwMDAwMDAwMDAwLCJyZWFkIjozMDAwMDAwMDAwMDAsInVwZGF0ZSI6MzAwMDAwMDAwMDAwfX0=",
          "dependencies": [
            "module.create_functions_bucket.google_storage_bucket.bucket",
            "module.deploy_functions.data.archive_file.source",
            "module.deploy_functions.data.external.ts_build",
            "module.deploy_functions.google_storage_bucket_object.zip",
            "module.schedule_file_delete.google_pubsub_topic.topic"
          ]
        }
      ]
    },
    {
      "module": "module.schedule_file_delete",
      "mode": "managed",
      "type": "google_cloudfunctions_function_iam_member",
      "name": "invoker",
      "provider": "provider[\"registry.terraform.io/hashicorp/google\"]",
      "instances": [
        {
          "schema_version": 0,
          "attributes": {
            "cloud_function": "projects/stunning-surge-306101/locations/us-central1/functions/delete_old_images",
            "etag": "BwXNd3oX06A=",
            "id": "projects/stunning-surge-306101/locations/us-central1/functions/delete_old_images/roles/cloudfunctions.invoker/allusers",
            "member": "allUsers",
            "project": "stunning-surge-306101",
            "region": "us-central1",
            "role": "roles/cloudfunctions.invoker"
          },
          "sensitive_attributes": [],
          "private": "bnVsbA==",
          "dependencies": [
            "module.create_functions_bucket.google_storage_bucket.bucket",
            "module.deploy_functions.data.archive_file.source",
            "module.deploy_functions.data.external.ts_build",
            "module.deploy_functions.google_storage_bucket_object.zip",
            "module.schedule_file_delete.google_cloudfunctions_function.function",
            "module.schedule_file_delete.google_pubsub_topic.topic"
          ]
        }
      ]
    },
    {
      "module": "module.schedule_file_delete",
      "mode": "managed",
      "type": "google_pubsub_topic",
      "name": "topic",
      "provider": "provider[\"registry.terraform.io/hashicorp/google\"]",
      "instances": [
        {
          "schema_version": 0,
          "attributes": {
            "id": "projects/stunning-surge-306101/topics/delete-images-topic",
            "kms_key_name": "",
            "labels": {},
            "message_storage_policy": [],
            "name": "delete-images-topic",
            "project": "stunning-surge-306101",
            "timeouts": null
          },
          "sensitive_attributes": [],
          "private": "eyJlMmJmYjczMC1lY2FhLTExZTYtOGY4OC0zNDM2M2JjN2M0YzAiOnsiY3JlYXRlIjoyNDAwMDAwMDAwMDAsImRlbGV0ZSI6MjQwMDAwMDAwMDAwLCJ1cGRhdGUiOjI0MDAwMDAwMDAwMH19"
        }
      ]
    },
    {
      "module": "module.upload_file",
      "mode": "managed",
      "type": "google_cloudfunctions_function",
      "name": "function",
      "provider": "provider[\"registry.terraform.io/hashicorp/google\"]",
      "instances": [
        {
          "schema_version": 0,
          "attributes": {
            "available_memory_mb": 128,
            "description": "",
            "entry_point": "uploadFile",
            "environment_variables": {},
            "event_trigger": [],
            "https_trigger_url": "https://us-central1-stunning-surge-306101.cloudfunctions.net/upload_file",
            "id": "projects/stunning-surge-306101/locations/us-central1/functions/upload_file",
            "labels": {},
            "max_instances": 0,
            "name": "upload_file",
            "project": "stunning-surge-306101",
            "region": "us-central1",
            "runtime": "nodejs14",
            "service_account_email": "stunning-surge-306101@appspot.gserviceaccount.com",
            "source_archive_bucket": "gracie_functions",
            "source_archive_object": "source.zip",
            "source_repository": [],
            "timeout": 60,
            "timeouts": null,
            "trigger_http": true,
            "vpc_connector": ""
          },
          "sensitive_attributes": [],
          "private": "eyJlMmJmYjczMC1lY2FhLTExZTYtOGY4OC0zNDM2M2JjN2M0YzAiOnsiY3JlYXRlIjozMDAwMDAwMDAwMDAsImRlbGV0ZSI6MzAwMDAwMDAwMDAwLCJyZWFkIjozMDAwMDAwMDAwMDAsInVwZGF0ZSI6MzAwMDAwMDAwMDAwfX0=",
          "dependencies": [
            "module.create_functions_bucket.google_storage_bucket.bucket",
            "module.deploy_functions.data.archive_file.source",
            "module.deploy_functions.data.external.ts_build",
            "module.deploy_functions.google_storage_bucket_object.zip"
          ]
        }
      ]
    },
    {
      "module": "module.upload_file",
      "mode": "managed",
      "type": "google_cloudfunctions_function_iam_member",
      "name": "invoker",
      "provider": "provider[\"registry.terraform.io/hashicorp/google\"]",
      "instances": [
        {
          "schema_version": 0,
          "attributes": {
            "cloud_function": "projects/stunning-surge-306101/locations/us-central1/functions/upload_file",
            "etag": "BwXNdXN8P5s=",
            "id": "projects/stunning-surge-306101/locations/us-central1/functions/upload_file/roles/cloudfunctions.invoker/allusers",
            "member": "allUsers",
            "project": "stunning-surge-306101",
            "region": "us-central1",
            "role": "roles/cloudfunctions.invoker"
          },
          "sensitive_attributes": [],
          "private": "bnVsbA==",
          "dependencies": [
            "module.create_functions_bucket.google_storage_bucket.bucket",
            "module.deploy_functions.data.archive_file.source",
            "module.deploy_functions.data.external.ts_build",
            "module.deploy_functions.google_storage_bucket_object.zip",
            "module.upload_file.google_cloudfunctions_function.function"
          ]
        }
      ]
    }
  ]
}
